
Microsoft Visual Studio Solution File, Format Version 12.00
# Visual Studio 15
Project("{FAE04EC0-301F-11D3-BF4B-00C04F79EFBC}") = "Assembly-CSharp", "Assembly-CSharp.csproj", "{F42F9799-DFEB-F83C-4018-1EB2C829FBF6}"
EndProject
Project("{FAE04EC0-301F-11D3-BF4B-00C04F79EFBC}") = "Assembly-CSharp-firstpass", "Assembly-CSharp-firstpass.csproj", "{FD7B5364-B7CE-B833-687E-77CFFD81840E}"
EndProject
Project("{FAE04EC0-301F-11D3-BF4B-00C04F79EFBC}") = "Assembly-CSharp-Editor-firstpass", "Assembly-CSharp-Editor-firstpass.csproj", "{D2796B89-1981-28C6-5D48-005D56322AEC}"
EndProject
Global
	GlobalSection(SolutionConfigurationPlatforms) = preSolution
		Debug|Any CPU = Debug|Any CPU
		Release|Any CPU = Release|Any CPU
	EndGlobalSection
	GlobalSection(ProjectConfigurationPlatforms) = postSolution
		{F42F9799-DFEB-F83C-4018-1EB2C829FBF6}.Debug|Any CPU.ActiveCfg = Debug|Any CPU
		{F42F9799-DFEB-F83C-4018-1EB2C829FBF6}.Debug|Any CPU.Build.0 = Debug|Any CPU
		{F42F9799-DFEB-F83C-4018-1EB2C829FBF6}.Release|Any CPU.ActiveCfg = Release|Any CPU
		{F42F9799-DFEB-F83C-4018-1EB2C829FBF6}.Release|Any CPU.Build.0 = Release|Any CPU
		{FD7B5364-B7CE-B833-687E-77CFFD81840E}.Debug|Any CPU.ActiveCfg = Debug|Any CPU
		{FD7B5364-B7CE-B833-687E-77CFFD81840E}.Debug|Any CPU.Build.0 = Debug|Any CPU
		{FD7B5364-B7CE-B833-687E-77CFFD81840E}.Release|Any CPU.ActiveCfg = Release|Any CPU
		{FD7B5364-B7CE-B833-687E-77CFFD81840E}.Release|Any CPU.Build.0 = Release|Any CPU
		{D2796B89-1981-28C6-5D48-005D56322AEC}.Debug|Any CPU.ActiveCfg = Debug|Any CPU
		{D2796B89-1981-28C6-5D48-005D56322AEC}.Debug|Any CPU.Build.0 = Debug|Any CPU
		{D2796B89-1981-28C6-5D48-005D56322AEC}.Release|Any CPU.ActiveCfg = Release|Any CPU
		{D2796B89-1981-28C6-5D48-005D56322AEC}.Release|Any CPU.Build.0 = Release|Any CPU
	EndGlobalSection
	GlobalSection(SolutionProperties) = preSolution
		HideSolutionNode = FALSE
	EndGlobalSection
EndGlobal
